PODS:
  - FBSnapshotTestCase (2.1.4):
    - FBSnapshotTestCase/SwiftSupport (= 2.1.4)
  - FBSnapshotTestCase/Core (2.1.4)
  - FBSnapshotTestCase/SwiftSupport (2.1.4):
    - FBSnapshotTestCase/Core
  - ZKPayMediator (0.1.0):
    - ZKPayMediator/AliPay (= 0.1.0)
    - ZKPayMediator/Base (= 0.1.0)
    - ZKPayMediator/WXPay (= 0.1.0)
  - ZKPayMediator/AliPay (0.1.0):
    - ZKPayMediator/Base
  - ZKPayMediator/Base (0.1.0)
  - ZKPayMediator/WXPay (0.1.0):
    - ZKPayMediator/Base

DEPENDENCIES:
  - FBSnapshotTestCase
  - ZKPayMediator (from `../`)

EXTERNAL SOURCES:
  ZKPayMediator:
    :path: "../"

SPEC CHECKSUMS:
  FBSnapshotTestCase: 094f9f314decbabe373b87cc339bea235a63e07a
  ZKPayMediator: 0ecf0bc1b404461d3d243f058da331e40ec3d021

PODFILE CHECKSUM: 2b7b1f0dc274fcba364428f58bdb2d2c39992ee4

COCOAPODS: 1.2.0
